
Microsoft Visual Studio Solution File, Format Version 12.00
# Visual Studio 14
VisualStudioVersion = 14.0.25420.1
MinimumVisualStudioVersion = 10.0.40219.1
Project("{2150E333-8FDC-42A3-9474-1A3956D46DE8}") = "src", "src", "{CE02ACF0-2B63-44D1-A78E-9F512307FBC4}"
EndProject
Project("{2150E333-8FDC-42A3-9474-1A3956D46DE8}") = "Solution Items", "Solution Items", "{B9D41FAA-BCBA-49A0-A322-7AD96ED062BB}"
EndProject
Project("{FAE04EC0-301F-11D3-BF4B-00C04F79EFBC}") = "Zen.Tracker.Server.Site", "src\Server\Zen.Tracker.Server.Site\Zen.Tracker.Server.Site.csproj", "{852550BE-41ED-4891-BE5B-EAB6E0F99DB1}"
EndProject
Project("{FAE04EC0-301F-11D3-BF4B-00C04F79EFBC}") = "Zen.Tracker.Client", "src\Client\Zen.Tracker.Client\Zen.Tracker.Client.csproj", "{3C804929-E5EC-41C8-A93A-5B640A1041BB}"
EndProject
Project("{FAE04EC0-301F-11D3-BF4B-00C04F79EFBC}") = "Zen.Tracker.Client.Droid", "src\Client\Zen.Tracker.Client.Droid\Zen.Tracker.Client.Droid.csproj", "{ED90B533-9BFF-4FCA-929B-6A503990F92E}"
EndProject
Project("{FAE04EC0-301F-11D3-BF4B-00C04F79EFBC}") = "Serilog.Sink.Neo4j", "src\Server\Serilog.Sink.Neo4j\Serilog.Sink.Neo4j.csproj", "{D1CC3CC8-88A9-4275-861D-6CB0DADEF9EA}"
EndProject
Project("{2150E333-8FDC-42A3-9474-1A3956D46DE8}") = "Client", "Client", "{660E8520-5511-4A5D-A62A-BA3925BED1C6}"
EndProject
Project("{2150E333-8FDC-42A3-9474-1A3956D46DE8}") = "Server", "Server", "{E5CE5789-4106-4957-B4F9-A19E51384F93}"
EndProject
Global
	GlobalSection(SolutionConfigurationPlatforms) = preSolution
		Ad-Hoc|Any CPU = Ad-Hoc|Any CPU
		Ad-Hoc|ARM = Ad-Hoc|ARM
		Ad-Hoc|iPhone = Ad-Hoc|iPhone
		Ad-Hoc|iPhoneSimulator = Ad-Hoc|iPhoneSimulator
		Ad-Hoc|x64 = Ad-Hoc|x64
		Ad-Hoc|x86 = Ad-Hoc|x86
		AppStore|Any CPU = AppStore|Any CPU
		AppStore|ARM = AppStore|ARM
		AppStore|iPhone = AppStore|iPhone
		AppStore|iPhoneSimulator = AppStore|iPhoneSimulator
		AppStore|x64 = AppStore|x64
		AppStore|x86 = AppStore|x86
		Debug|Any CPU = Debug|Any CPU
		Debug|ARM = Debug|ARM
		Debug|iPhone = Debug|iPhone
		Debug|iPhoneSimulator = Debug|iPhoneSimulator
		Debug|x64 = Debug|x64
		Debug|x86 = Debug|x86
		Release|Any CPU = Release|Any CPU
		Release|ARM = Release|ARM
		Release|iPhone = Release|iPhone
		Release|iPhoneSimulator = Release|iPhoneSimulator
		Release|x64 = Release|x64
		Release|x86 = Release|x86
	EndGlobalSection
	GlobalSection(ProjectConfigurationPlatforms) = postSolution
		{852550BE-41ED-4891-BE5B-EAB6E0F99DB1}.Ad-Hoc|Any CPU.ActiveCfg = Release|Any CPU
		{852550BE-41ED-4891-BE5B-EAB6E0F99DB1}.Ad-Hoc|Any CPU.Build.0 = Release|Any CPU
		{852550BE-41ED-4891-BE5B-EAB6E0F99DB1}.Ad-Hoc|ARM.ActiveCfg = Release|Any CPU
		{852550BE-41ED-4891-BE5B-EAB6E0F99DB1}.Ad-Hoc|ARM.Build.0 = Release|Any CPU
		{852550BE-41ED-4891-BE5B-EAB6E0F99DB1}.Ad-Hoc|iPhone.ActiveCfg = Release|Any CPU
		{852550BE-41ED-4891-BE5B-EAB6E0F99DB1}.Ad-Hoc|iPhone.Build.0 = Release|Any CPU
		{852550BE-41ED-4891-BE5B-EAB6E0F99DB1}.Ad-Hoc|iPhoneSimulator.ActiveCfg = Release|Any CPU
		{852550BE-41ED-4891-BE5B-EAB6E0F99DB1}.Ad-Hoc|iPhoneSimulator.Build.0 = Release|Any CPU
		{852550BE-41ED-4891-BE5B-EAB6E0F99DB1}.Ad-Hoc|x64.ActiveCfg = Release|Any CPU
		{852550BE-41ED-4891-BE5B-EAB6E0F99DB1}.Ad-Hoc|x64.Build.0 = Release|Any CPU
		{852550BE-41ED-4891-BE5B-EAB6E0F99DB1}.Ad-Hoc|x86.ActiveCfg = Release|Any CPU
		{852550BE-41ED-4891-BE5B-EAB6E0F99DB1}.Ad-Hoc|x86.Build.0 = Release|Any CPU
		{852550BE-41ED-4891-BE5B-EAB6E0F99DB1}.AppStore|Any CPU.ActiveCfg = Release|Any CPU
		{852550BE-41ED-4891-BE5B-EAB6E0F99DB1}.AppStore|Any CPU.Build.0 = Release|Any CPU
		{852550BE-41ED-4891-BE5B-EAB6E0F99DB1}.AppStore|ARM.ActiveCfg = Release|Any CPU
		{852550BE-41ED-4891-BE5B-EAB6E0F99DB1}.AppStore|ARM.Build.0 = Release|Any CPU
		{852550BE-41ED-4891-BE5B-EAB6E0F99DB1}.AppStore|iPhone.ActiveCfg = Release|Any CPU
		{852550BE-41ED-4891-BE5B-EAB6E0F99DB1}.AppStore|iPhone.Build.0 = Release|Any CPU
		{852550BE-41ED-4891-BE5B-EAB6E0F99DB1}.AppStore|iPhoneSimulator.ActiveCfg = Release|Any CPU
		{852550BE-41ED-4891-BE5B-EAB6E0F99DB1}.AppStore|iPhoneSimulator.Build.0 = Release|Any CPU
		{852550BE-41ED-4891-BE5B-EAB6E0F99DB1}.AppStore|x64.ActiveCfg = Release|Any CPU
		{852550BE-41ED-4891-BE5B-EAB6E0F99DB1}.AppStore|x64.Build.0 = Release|Any CPU
		{852550BE-41ED-4891-BE5B-EAB6E0F99DB1}.AppStore|x86.ActiveCfg = Release|Any CPU
		{852550BE-41ED-4891-BE5B-EAB6E0F99DB1}.AppStore|x86.Build.0 = Release|Any CPU
		{852550BE-41ED-4891-BE5B-EAB6E0F99DB1}.Debug|Any CPU.ActiveCfg = Debug|Any CPU
		{852550BE-41ED-4891-BE5B-EAB6E0F99DB1}.Debug|Any CPU.Build.0 = Debug|Any CPU
		{852550BE-41ED-4891-BE5B-EAB6E0F99DB1}.Debug|ARM.ActiveCfg = Debug|Any CPU
		{852550BE-41ED-4891-BE5B-EAB6E0F99DB1}.Debug|ARM.Build.0 = Debug|Any CPU
		{852550BE-41ED-4891-BE5B-EAB6E0F99DB1}.Debug|iPhone.ActiveCfg = Debug|Any CPU
		{852550BE-41ED-4891-BE5B-EAB6E0F99DB1}.Debug|iPhone.Build.0 = Debug|Any CPU
		{852550BE-41ED-4891-BE5B-EAB6E0F99DB1}.Debug|iPhoneSimulator.ActiveCfg = Debug|Any CPU
		{852550BE-41ED-4891-BE5B-EAB6E0F99DB1}.Debug|iPhoneSimulator.Build.0 = Debug|Any CPU
		{852550BE-41ED-4891-BE5B-EAB6E0F99DB1}.Debug|x64.ActiveCfg = Debug|Any CPU
		{852550BE-41ED-4891-BE5B-EAB6E0F99DB1}.Debug|x64.Build.0 = Debug|Any CPU
		{852550BE-41ED-4891-BE5B-EAB6E0F99DB1}.Debug|x86.ActiveCfg = Debug|Any CPU
		{852550BE-41ED-4891-BE5B-EAB6E0F99DB1}.Debug|x86.Build.0 = Debug|Any CPU
		{852550BE-41ED-4891-BE5B-EAB6E0F99DB1}.Release|Any CPU.ActiveCfg = Release|Any CPU
		{852550BE-41ED-4891-BE5B-EAB6E0F99DB1}.Release|Any CPU.Build.0 = Release|Any CPU
		{852550BE-41ED-4891-BE5B-EAB6E0F99DB1}.Release|ARM.ActiveCfg = Release|Any CPU
		{852550BE-41ED-4891-BE5B-EAB6E0F99DB1}.Release|ARM.Build.0 = Release|Any CPU
		{852550BE-41ED-4891-BE5B-EAB6E0F99DB1}.Release|iPhone.ActiveCfg = Release|Any CPU
		{852550BE-41ED-4891-BE5B-EAB6E0F99DB1}.Release|iPhone.Build.0 = Release|Any CPU
		{852550BE-41ED-4891-BE5B-EAB6E0F99DB1}.Release|iPhoneSimulator.ActiveCfg = Release|Any CPU
		{852550BE-41ED-4891-BE5B-EAB6E0F99DB1}.Release|iPhoneSimulator.Build.0 = Release|Any CPU
		{852550BE-41ED-4891-BE5B-EAB6E0F99DB1}.Release|x64.ActiveCfg = Release|Any CPU
		{852550BE-41ED-4891-BE5B-EAB6E0F99DB1}.Release|x64.Build.0 = Release|Any CPU
		{852550BE-41ED-4891-BE5B-EAB6E0F99DB1}.Release|x86.ActiveCfg = Release|Any CPU
		{852550BE-41ED-4891-BE5B-EAB6E0F99DB1}.Release|x86.Build.0 = Release|Any CPU
		{3C804929-E5EC-41C8-A93A-5B640A1041BB}.Ad-Hoc|Any CPU.ActiveCfg = Release|Any CPU
		{3C804929-E5EC-41C8-A93A-5B640A1041BB}.Ad-Hoc|Any CPU.Build.0 = Release|Any CPU
		{3C804929-E5EC-41C8-A93A-5B640A1041BB}.Ad-Hoc|ARM.ActiveCfg = Release|Any CPU
		{3C804929-E5EC-41C8-A93A-5B640A1041BB}.Ad-Hoc|ARM.Build.0 = Release|Any CPU
		{3C804929-E5EC-41C8-A93A-5B640A1041BB}.Ad-Hoc|iPhone.ActiveCfg = Release|Any CPU
		{3C804929-E5EC-41C8-A93A-5B640A1041BB}.Ad-Hoc|iPhone.Build.0 = Release|Any CPU
		{3C804929-E5EC-41C8-A93A-5B640A1041BB}.Ad-Hoc|iPhoneSimulator.ActiveCfg = Release|Any CPU
		{3C804929-E5EC-41C8-A93A-5B640A1041BB}.Ad-Hoc|iPhoneSimulator.Build.0 = Release|Any CPU
		{3C804929-E5EC-41C8-A93A-5B640A1041BB}.Ad-Hoc|x64.ActiveCfg = Release|Any CPU
		{3C804929-E5EC-41C8-A93A-5B640A1041BB}.Ad-Hoc|x64.Build.0 = Release|Any CPU
		{3C804929-E5EC-41C8-A93A-5B640A1041BB}.Ad-Hoc|x86.ActiveCfg = Release|Any CPU
		{3C804929-E5EC-41C8-A93A-5B640A1041BB}.Ad-Hoc|x86.Build.0 = Release|Any CPU
		{3C804929-E5EC-41C8-A93A-5B640A1041BB}.AppStore|Any CPU.ActiveCfg = Release|Any CPU
		{3C804929-E5EC-41C8-A93A-5B640A1041BB}.AppStore|Any CPU.Build.0 = Release|Any CPU
		{3C804929-E5EC-41C8-A93A-5B640A1041BB}.AppStore|ARM.ActiveCfg = Release|Any CPU
		{3C804929-E5EC-41C8-A93A-5B640A1041BB}.AppStore|ARM.Build.0 = Release|Any CPU
		{3C804929-E5EC-41C8-A93A-5B640A1041BB}.AppStore|iPhone.ActiveCfg = Release|Any CPU
		{3C804929-E5EC-41C8-A93A-5B640A1041BB}.AppStore|iPhone.Build.0 = Release|Any CPU
		{3C804929-E5EC-41C8-A93A-5B640A1041BB}.AppStore|iPhoneSimulator.ActiveCfg = Release|Any CPU
		{3C804929-E5EC-41C8-A93A-5B640A1041BB}.AppStore|iPhoneSimulator.Build.0 = Release|Any CPU
		{3C804929-E5EC-41C8-A93A-5B640A1041BB}.AppStore|x64.ActiveCfg = Release|Any CPU
		{3C804929-E5EC-41C8-A93A-5B640A1041BB}.AppStore|x64.Build.0 = Release|Any CPU
		{3C804929-E5EC-41C8-A93A-5B640A1041BB}.AppStore|x86.ActiveCfg = Release|Any CPU
		{3C804929-E5EC-41C8-A93A-5B640A1041BB}.AppStore|x86.Build.0 = Release|Any CPU
		{3C804929-E5EC-41C8-A93A-5B640A1041BB}.Debug|Any CPU.ActiveCfg = Debug|Any CPU
		{3C804929-E5EC-41C8-A93A-5B640A1041BB}.Debug|Any CPU.Build.0 = Debug|Any CPU
		{3C804929-E5EC-41C8-A93A-5B640A1041BB}.Debug|ARM.ActiveCfg = Debug|Any CPU
		{3C804929-E5EC-41C8-A93A-5B640A1041BB}.Debug|ARM.Build.0 = Debug|Any CPU
		{3C804929-E5EC-41C8-A93A-5B640A1041BB}.Debug|iPhone.ActiveCfg = Debug|Any CPU
		{3C804929-E5EC-41C8-A93A-5B640A1041BB}.Debug|iPhone.Build.0 = Debug|Any CPU
		{3C804929-E5EC-41C8-A93A-5B640A1041BB}.Debug|iPhoneSimulator.ActiveCfg = Debug|Any CPU
		{3C804929-E5EC-41C8-A93A-5B640A1041BB}.Debug|iPhoneSimulator.Build.0 = Debug|Any CPU
		{3C804929-E5EC-41C8-A93A-5B640A1041BB}.Debug|x64.ActiveCfg = Debug|Any CPU
		{3C804929-E5EC-41C8-A93A-5B640A1041BB}.Debug|x64.Build.0 = Debug|Any CPU
		{3C804929-E5EC-41C8-A93A-5B640A1041BB}.Debug|x86.ActiveCfg = Debug|Any CPU
		{3C804929-E5EC-41C8-A93A-5B640A1041BB}.Debug|x86.Build.0 = Debug|Any CPU
		{3C804929-E5EC-41C8-A93A-5B640A1041BB}.Release|Any CPU.ActiveCfg = Release|Any CPU
		{3C804929-E5EC-41C8-A93A-5B640A1041BB}.Release|Any CPU.Build.0 = Release|Any CPU
		{3C804929-E5EC-41C8-A93A-5B640A1041BB}.Release|ARM.ActiveCfg = Release|Any CPU
		{3C804929-E5EC-41C8-A93A-5B640A1041BB}.Release|ARM.Build.0 = Release|Any CPU
		{3C804929-E5EC-41C8-A93A-5B640A1041BB}.Release|iPhone.ActiveCfg = Release|Any CPU
		{3C804929-E5EC-41C8-A93A-5B640A1041BB}.Release|iPhone.Build.0 = Release|Any CPU
		{3C804929-E5EC-41C8-A93A-5B640A1041BB}.Release|iPhoneSimulator.ActiveCfg = Release|Any CPU
		{3C804929-E5EC-41C8-A93A-5B640A1041BB}.Release|iPhoneSimulator.Build.0 = Release|Any CPU
		{3C804929-E5EC-41C8-A93A-5B640A1041BB}.Release|x64.ActiveCfg = Release|Any CPU
		{3C804929-E5EC-41C8-A93A-5B640A1041BB}.Release|x64.Build.0 = Release|Any CPU
		{3C804929-E5EC-41C8-A93A-5B640A1041BB}.Release|x86.ActiveCfg = Release|Any CPU
		{3C804929-E5EC-41C8-A93A-5B640A1041BB}.Release|x86.Build.0 = Release|Any CPU
		{ED90B533-9BFF-4FCA-929B-6A503990F92E}.Ad-Hoc|Any CPU.ActiveCfg = Release|Any CPU
		{ED90B533-9BFF-4FCA-929B-6A503990F92E}.Ad-Hoc|Any CPU.Build.0 = Release|Any CPU
		{ED90B533-9BFF-4FCA-929B-6A503990F92E}.Ad-Hoc|Any CPU.Deploy.0 = Release|Any CPU
		{ED90B533-9BFF-4FCA-929B-6A503990F92E}.Ad-Hoc|ARM.ActiveCfg = Release|Any CPU
		{ED90B533-9BFF-4FCA-929B-6A503990F92E}.Ad-Hoc|ARM.Build.0 = Release|Any CPU
		{ED90B533-9BFF-4FCA-929B-6A503990F92E}.Ad-Hoc|ARM.Deploy.0 = Release|Any CPU
		{ED90B533-9BFF-4FCA-929B-6A503990F92E}.Ad-Hoc|iPhone.ActiveCfg = Release|Any CPU
		{ED90B533-9BFF-4FCA-929B-6A503990F92E}.Ad-Hoc|iPhone.Build.0 = Release|Any CPU
		{ED90B533-9BFF-4FCA-929B-6A503990F92E}.Ad-Hoc|iPhone.Deploy.0 = Release|Any CPU
		{ED90B533-9BFF-4FCA-929B-6A503990F92E}.Ad-Hoc|iPhoneSimulator.ActiveCfg = Release|Any CPU
		{ED90B533-9BFF-4FCA-929B-6A503990F92E}.Ad-Hoc|iPhoneSimulator.Build.0 = Release|Any CPU
		{ED90B533-9BFF-4FCA-929B-6A503990F92E}.Ad-Hoc|iPhoneSimulator.Deploy.0 = Release|Any CPU
		{ED90B533-9BFF-4FCA-929B-6A503990F92E}.Ad-Hoc|x64.ActiveCfg = Release|Any CPU
		{ED90B533-9BFF-4FCA-929B-6A503990F92E}.Ad-Hoc|x64.Build.0 = Release|Any CPU
		{ED90B533-9BFF-4FCA-929B-6A503990F92E}.Ad-Hoc|x64.Deploy.0 = Release|Any CPU
		{ED90B533-9BFF-4FCA-929B-6A503990F92E}.Ad-Hoc|x86.ActiveCfg = Release|Any CPU
		{ED90B533-9BFF-4FCA-929B-6A503990F92E}.Ad-Hoc|x86.Build.0 = Release|Any CPU
		{ED90B533-9BFF-4FCA-929B-6A503990F92E}.Ad-Hoc|x86.Deploy.0 = Release|Any CPU
		{ED90B533-9BFF-4FCA-929B-6A503990F92E}.AppStore|Any CPU.ActiveCfg = Release|Any CPU
		{ED90B533-9BFF-4FCA-929B-6A503990F92E}.AppStore|Any CPU.Build.0 = Release|Any CPU
		{ED90B533-9BFF-4FCA-929B-6A503990F92E}.AppStore|Any CPU.Deploy.0 = Release|Any CPU
		{ED90B533-9BFF-4FCA-929B-6A503990F92E}.AppStore|ARM.ActiveCfg = Release|Any CPU
		{ED90B533-9BFF-4FCA-929B-6A503990F92E}.AppStore|ARM.Build.0 = Release|Any CPU
		{ED90B533-9BFF-4FCA-929B-6A503990F92E}.AppStore|ARM.Deploy.0 = Release|Any CPU
		{ED90B533-9BFF-4FCA-929B-6A503990F92E}.AppStore|iPhone.ActiveCfg = Release|Any CPU
		{ED90B533-9BFF-4FCA-929B-6A503990F92E}.AppStore|iPhone.Build.0 = Release|Any CPU
		{ED90B533-9BFF-4FCA-929B-6A503990F92E}.AppStore|iPhone.Deploy.0 = Release|Any CPU
		{ED90B533-9BFF-4FCA-929B-6A503990F92E}.AppStore|iPhoneSimulator.ActiveCfg = Release|Any CPU
		{ED90B533-9BFF-4FCA-929B-6A503990F92E}.AppStore|iPhoneSimulator.Build.0 = Release|Any CPU
		{ED90B533-9BFF-4FCA-929B-6A503990F92E}.AppStore|iPhoneSimulator.Deploy.0 = Release|Any CPU
		{ED90B533-9BFF-4FCA-929B-6A503990F92E}.AppStore|x64.ActiveCfg = Release|Any CPU
		{ED90B533-9BFF-4FCA-929B-6A503990F92E}.AppStore|x64.Build.0 = Release|Any CPU
		{ED90B533-9BFF-4FCA-929B-6A503990F92E}.AppStore|x64.Deploy.0 = Release|Any CPU
		{ED90B533-9BFF-4FCA-929B-6A503990F92E}.AppStore|x86.ActiveCfg = Release|Any CPU
		{ED90B533-9BFF-4FCA-929B-6A503990F92E}.AppStore|x86.Build.0 = Release|Any CPU
		{ED90B533-9BFF-4FCA-929B-6A503990F92E}.AppStore|x86.Deploy.0 = Release|Any CPU
		{ED90B533-9BFF-4FCA-929B-6A503990F92E}.Debug|Any CPU.ActiveCfg = Debug|Any CPU
		{ED90B533-9BFF-4FCA-929B-6A503990F92E}.Debug|Any CPU.Build.0 = Debug|Any CPU
		{ED90B533-9BFF-4FCA-929B-6A503990F92E}.Debug|Any CPU.Deploy.0 = Debug|Any CPU
		{ED90B533-9BFF-4FCA-929B-6A503990F92E}.Debug|ARM.ActiveCfg = Debug|Any CPU
		{ED90B533-9BFF-4FCA-929B-6A503990F92E}.Debug|ARM.Build.0 = Debug|Any CPU
		{ED90B533-9BFF-4FCA-929B-6A503990F92E}.Debug|ARM.Deploy.0 = Debug|Any CPU
		{ED90B533-9BFF-4FCA-929B-6A503990F92E}.Debug|iPhone.ActiveCfg = Debug|Any CPU
		{ED90B533-9BFF-4FCA-929B-6A503990F92E}.Debug|iPhone.Build.0 = Debug|Any CPU
		{ED90B533-9BFF-4FCA-929B-6A503990F92E}.Debug|iPhone.Deploy.0 = Debug|Any CPU
		{ED90B533-9BFF-4FCA-929B-6A503990F92E}.Debug|iPhoneSimulator.ActiveCfg = Debug|Any CPU
		{ED90B533-9BFF-4FCA-929B-6A503990F92E}.Debug|iPhoneSimulator.Build.0 = Debug|Any CPU
		{ED90B533-9BFF-4FCA-929B-6A503990F92E}.Debug|iPhoneSimulator.Deploy.0 = Debug|Any CPU
		{ED90B533-9BFF-4FCA-929B-6A503990F92E}.Debug|x64.ActiveCfg = Debug|Any CPU
		{ED90B533-9BFF-4FCA-929B-6A503990F92E}.Debug|x64.Build.0 = Debug|Any CPU
		{ED90B533-9BFF-4FCA-929B-6A503990F92E}.Debug|x64.Deploy.0 = Debug|Any CPU
		{ED90B533-9BFF-4FCA-929B-6A503990F92E}.Debug|x86.ActiveCfg = Debug|Any CPU
		{ED90B533-9BFF-4FCA-929B-6A503990F92E}.Debug|x86.Build.0 = Debug|Any CPU
		{ED90B533-9BFF-4FCA-929B-6A503990F92E}.Debug|x86.Deploy.0 = Debug|Any CPU
		{ED90B533-9BFF-4FCA-929B-6A503990F92E}.Release|Any CPU.ActiveCfg = Release|Any CPU
		{ED90B533-9BFF-4FCA-929B-6A503990F92E}.Release|Any CPU.Build.0 = Release|Any CPU
		{ED90B533-9BFF-4FCA-929B-6A503990F92E}.Release|Any CPU.Deploy.0 = Release|Any CPU
		{ED90B533-9BFF-4FCA-929B-6A503990F92E}.Release|ARM.ActiveCfg = Release|Any CPU
		{ED90B533-9BFF-4FCA-929B-6A503990F92E}.Release|ARM.Build.0 = Release|Any CPU
		{ED90B533-9BFF-4FCA-929B-6A503990F92E}.Release|ARM.Deploy.0 = Release|Any CPU
		{ED90B533-9BFF-4FCA-929B-6A503990F92E}.Release|iPhone.ActiveCfg = Release|Any CPU
		{ED90B533-9BFF-4FCA-929B-6A503990F92E}.Release|iPhone.Build.0 = Release|Any CPU
		{ED90B533-9BFF-4FCA-929B-6A503990F92E}.Release|iPhone.Deploy.0 = Release|Any CPU
		{ED90B533-9BFF-4FCA-929B-6A503990F92E}.Release|iPhoneSimulator.ActiveCfg = Release|Any CPU
		{ED90B533-9BFF-4FCA-929B-6A503990F92E}.Release|iPhoneSimulator.Build.0 = Release|Any CPU
		{ED90B533-9BFF-4FCA-929B-6A503990F92E}.Release|iPhoneSimulator.Deploy.0 = Release|Any CPU
		{ED90B533-9BFF-4FCA-929B-6A503990F92E}.Release|x64.ActiveCfg = Release|Any CPU
		{ED90B533-9BFF-4FCA-929B-6A503990F92E}.Release|x64.Build.0 = Release|Any CPU
		{ED90B533-9BFF-4FCA-929B-6A503990F92E}.Release|x64.Deploy.0 = Release|Any CPU
		{ED90B533-9BFF-4FCA-929B-6A503990F92E}.Release|x86.ActiveCfg = Release|Any CPU
		{ED90B533-9BFF-4FCA-929B-6A503990F92E}.Release|x86.Build.0 = Release|Any CPU
		{ED90B533-9BFF-4FCA-929B-6A503990F92E}.Release|x86.Deploy.0 = Release|Any CPU
		{D1CC3CC8-88A9-4275-861D-6CB0DADEF9EA}.Ad-Hoc|Any CPU.ActiveCfg = Release|Any CPU
		{D1CC3CC8-88A9-4275-861D-6CB0DADEF9EA}.Ad-Hoc|Any CPU.Build.0 = Release|Any CPU
		{D1CC3CC8-88A9-4275-861D-6CB0DADEF9EA}.Ad-Hoc|ARM.ActiveCfg = Release|Any CPU
		{D1CC3CC8-88A9-4275-861D-6CB0DADEF9EA}.Ad-Hoc|ARM.Build.0 = Release|Any CPU
		{D1CC3CC8-88A9-4275-861D-6CB0DADEF9EA}.Ad-Hoc|iPhone.ActiveCfg = Release|Any CPU
		{D1CC3CC8-88A9-4275-861D-6CB0DADEF9EA}.Ad-Hoc|iPhone.Build.0 = Release|Any CPU
		{D1CC3CC8-88A9-4275-861D-6CB0DADEF9EA}.Ad-Hoc|iPhoneSimulator.ActiveCfg = Release|Any CPU
		{D1CC3CC8-88A9-4275-861D-6CB0DADEF9EA}.Ad-Hoc|iPhoneSimulator.Build.0 = Release|Any CPU
		{D1CC3CC8-88A9-4275-861D-6CB0DADEF9EA}.Ad-Hoc|x64.ActiveCfg = Release|Any CPU
		{D1CC3CC8-88A9-4275-861D-6CB0DADEF9EA}.Ad-Hoc|x64.Build.0 = Release|Any CPU
		{D1CC3CC8-88A9-4275-861D-6CB0DADEF9EA}.Ad-Hoc|x86.ActiveCfg = Release|Any CPU
		{D1CC3CC8-88A9-4275-861D-6CB0DADEF9EA}.Ad-Hoc|x86.Build.0 = Release|Any CPU
		{D1CC3CC8-88A9-4275-861D-6CB0DADEF9EA}.AppStore|Any CPU.ActiveCfg = Release|Any CPU
		{D1CC3CC8-88A9-4275-861D-6CB0DADEF9EA}.AppStore|Any CPU.Build.0 = Release|Any CPU
		{D1CC3CC8-88A9-4275-861D-6CB0DADEF9EA}.AppStore|ARM.ActiveCfg = Release|Any CPU
		{D1CC3CC8-88A9-4275-861D-6CB0DADEF9EA}.AppStore|ARM.Build.0 = Release|Any CPU
		{D1CC3CC8-88A9-4275-861D-6CB0DADEF9EA}.AppStore|iPhone.ActiveCfg = Release|Any CPU
		{D1CC3CC8-88A9-4275-861D-6CB0DADEF9EA}.AppStore|iPhone.Build.0 = Release|Any CPU
		{D1CC3CC8-88A9-4275-861D-6CB0DADEF9EA}.AppStore|iPhoneSimulator.ActiveCfg = Release|Any CPU
		{D1CC3CC8-88A9-4275-861D-6CB0DADEF9EA}.AppStore|iPhoneSimulator.Build.0 = Release|Any CPU
		{D1CC3CC8-88A9-4275-861D-6CB0DADEF9EA}.AppStore|x64.ActiveCfg = Release|Any CPU
		{D1CC3CC8-88A9-4275-861D-6CB0DADEF9EA}.AppStore|x64.Build.0 = Release|Any CPU
		{D1CC3CC8-88A9-4275-861D-6CB0DADEF9EA}.AppStore|x86.ActiveCfg = Release|Any CPU
		{D1CC3CC8-88A9-4275-861D-6CB0DADEF9EA}.AppStore|x86.Build.0 = Release|Any CPU
		{D1CC3CC8-88A9-4275-861D-6CB0DADEF9EA}.Debug|Any CPU.ActiveCfg = Debug|Any CPU
		{D1CC3CC8-88A9-4275-861D-6CB0DADEF9EA}.Debug|Any CPU.Build.0 = Debug|Any CPU
		{D1CC3CC8-88A9-4275-861D-6CB0DADEF9EA}.Debug|ARM.ActiveCfg = Debug|Any CPU
		{D1CC3CC8-88A9-4275-861D-6CB0DADEF9EA}.Debug|ARM.Build.0 = Debug|Any CPU
		{D1CC3CC8-88A9-4275-861D-6CB0DADEF9EA}.Debug|iPhone.ActiveCfg = Debug|Any CPU
		{D1CC3CC8-88A9-4275-861D-6CB0DADEF9EA}.Debug|iPhone.Build.0 = Debug|Any CPU
		{D1CC3CC8-88A9-4275-861D-6CB0DADEF9EA}.Debug|iPhoneSimulator.ActiveCfg = Debug|Any CPU
		{D1CC3CC8-88A9-4275-861D-6CB0DADEF9EA}.Debug|iPhoneSimulator.Build.0 = Debug|Any CPU
		{D1CC3CC8-88A9-4275-861D-6CB0DADEF9EA}.Debug|x64.ActiveCfg = Debug|Any CPU
		{D1CC3CC8-88A9-4275-861D-6CB0DADEF9EA}.Debug|x64.Build.0 = Debug|Any CPU
		{D1CC3CC8-88A9-4275-861D-6CB0DADEF9EA}.Debug|x86.ActiveCfg = Debug|Any CPU
		{D1CC3CC8-88A9-4275-861D-6CB0DADEF9EA}.Debug|x86.Build.0 = Debug|Any CPU
		{D1CC3CC8-88A9-4275-861D-6CB0DADEF9EA}.Release|Any CPU.ActiveCfg = Release|Any CPU
		{D1CC3CC8-88A9-4275-861D-6CB0DADEF9EA}.Release|Any CPU.Build.0 = Release|Any CPU
		{D1CC3CC8-88A9-4275-861D-6CB0DADEF9EA}.Release|ARM.ActiveCfg = Release|Any CPU
		{D1CC3CC8-88A9-4275-861D-6CB0DADEF9EA}.Release|ARM.Build.0 = Release|Any CPU
		{D1CC3CC8-88A9-4275-861D-6CB0DADEF9EA}.Release|iPhone.ActiveCfg = Release|Any CPU
		{D1CC3CC8-88A9-4275-861D-6CB0DADEF9EA}.Release|iPhone.Build.0 = Release|Any CPU
		{D1CC3CC8-88A9-4275-861D-6CB0DADEF9EA}.Release|iPhoneSimulator.ActiveCfg = Release|Any CPU
		{D1CC3CC8-88A9-4275-861D-6CB0DADEF9EA}.Release|iPhoneSimulator.Build.0 = Release|Any CPU
		{D1CC3CC8-88A9-4275-861D-6CB0DADEF9EA}.Release|x64.ActiveCfg = Release|Any CPU
		{D1CC3CC8-88A9-4275-861D-6CB0DADEF9EA}.Release|x64.Build.0 = Release|Any CPU
		{D1CC3CC8-88A9-4275-861D-6CB0DADEF9EA}.Release|x86.ActiveCfg = Release|Any CPU
		{D1CC3CC8-88A9-4275-861D-6CB0DADEF9EA}.Release|x86.Build.0 = Release|Any CPU
	EndGlobalSection
	GlobalSection(SolutionProperties) = preSolution
		HideSolutionNode = FALSE
	EndGlobalSection
	GlobalSection(NestedProjects) = preSolution
		{852550BE-41ED-4891-BE5B-EAB6E0F99DB1} = {E5CE5789-4106-4957-B4F9-A19E51384F93}
		{3C804929-E5EC-41C8-A93A-5B640A1041BB} = {660E8520-5511-4A5D-A62A-BA3925BED1C6}
		{ED90B533-9BFF-4FCA-929B-6A503990F92E} = {660E8520-5511-4A5D-A62A-BA3925BED1C6}
		{D1CC3CC8-88A9-4275-861D-6CB0DADEF9EA} = {E5CE5789-4106-4957-B4F9-A19E51384F93}
		{660E8520-5511-4A5D-A62A-BA3925BED1C6} = {CE02ACF0-2B63-44D1-A78E-9F512307FBC4}
		{E5CE5789-4106-4957-B4F9-A19E51384F93} = {CE02ACF0-2B63-44D1-A78E-9F512307FBC4}
	EndGlobalSection
EndGlobal
